
Microsoft Visual Studio Solution File, Format Version 12.00
# Visual Studio Version 16
VisualStudioVersion = 25.0.1705.6
MinimumVisualStudioVersion = 10.0.40219.1
Project("{FAE04EC0-301F-11D3-BF4B-00C04F79EFBC}") = "TraceClient", "TraceClient\TraceClient.csproj", "{D68F42B0-759F-4DED-BFF0-4476602ADCE0}"
EndProject
Project("{FAE04EC0-301F-11D3-BF4B-00C04F79EFBC}") = "TraceWorker", "TraceWorker\TraceWorker.csproj", "{D3CC288B-7134-43A5-ACF4-0A7859C42814}"
EndProject
Project("{FAE04EC0-301F-11D3-BF4B-00C04F79EFBC}") = "TemporalHelper", "TemporalHelper\TemporalHelper.csproj", "{54954645-74EE-4D48-ABAE-16A910F03776}"
EndProject
Global
	GlobalSection(SolutionConfigurationPlatforms) = preSolution
		Debug|Any CPU = Debug|Any CPU
		Release|Any CPU = Release|Any CPU
	EndGlobalSection
	GlobalSection(ProjectConfigurationPlatforms) = postSolution
		{D68F42B0-759F-4DED-BFF0-4476602ADCE0}.Debug|Any CPU.ActiveCfg = Debug|Any CPU
		{D68F42B0-759F-4DED-BFF0-4476602ADCE0}.Debug|Any CPU.Build.0 = Debug|Any CPU
		{D68F42B0-759F-4DED-BFF0-4476602ADCE0}.Release|Any CPU.ActiveCfg = Release|Any CPU
		{D68F42B0-759F-4DED-BFF0-4476602ADCE0}.Release|Any CPU.Build.0 = Release|Any CPU
		{D3CC288B-7134-43A5-ACF4-0A7859C42814}.Debug|Any CPU.ActiveCfg = Debug|Any CPU
		{D3CC288B-7134-43A5-ACF4-0A7859C42814}.Debug|Any CPU.Build.0 = Debug|Any CPU
		{D3CC288B-7134-43A5-ACF4-0A7859C42814}.Release|Any CPU.ActiveCfg = Release|Any CPU
		{D3CC288B-7134-43A5-ACF4-0A7859C42814}.Release|Any CPU.Build.0 = Release|Any CPU
		{54954645-74EE-4D48-ABAE-16A910F03776}.Debug|Any CPU.ActiveCfg = Debug|Any CPU
		{54954645-74EE-4D48-ABAE-16A910F03776}.Debug|Any CPU.Build.0 = Debug|Any CPU
		{54954645-74EE-4D48-ABAE-16A910F03776}.Release|Any CPU.ActiveCfg = Release|Any CPU
		{54954645-74EE-4D48-ABAE-16A910F03776}.Release|Any CPU.Build.0 = Release|Any CPU
	EndGlobalSection
	GlobalSection(SolutionProperties) = preSolution
		HideSolutionNode = FALSE
	EndGlobalSection
	GlobalSection(ExtensibilityGlobals) = postSolution
		SolutionGuid = {3FDB04F1-0559-4A63-8CF5-1A700F7C72A7}
	EndGlobalSection
	GlobalSection(NestedProjects) = preSolution
	EndGlobalSection
EndGlobal
